{
    "_readme": [
        "This file locks the dependencies of your project to a known state",
        "Read more about it at http://getcomposer.org/doc/01-basic-usage.md#composer-lock-the-lock-file",
        "This file is @generated automatically"
    ],
    "hash": "df079b85e30d3e18ffefae1c864608c6",
    "packages": [
        {
            "name": "index-next/modules-installer",
            "version": "dev-master",
            "source": {
                "type": "git",
                "url": "http://git.web-dev.ru/index-next/modules-installer.git",
                "reference": "48437544f99d6c8d6c16ac27077d8ba82e62149d"
            },
            "require": {
                "composer-plugin-api": "*",
                "php": ">=5.4"
            },
            "type": "composer-plugin",
            "extra": {
                "class": [
                    "IndexNext\\Composer\\Plugin"
                ]
            },
            "autoload": {
                "psr-4": {
                    "IndexNext\\Composer\\": ""
                }
            },
            "license": [
                "MIT"
            ],
            "authors": [
                {
                    "name": "Evgeny Burmitsky",
                    "email": "td@index-art.ru"
                }
            ],
            "description": "A composer plugin, to help install index.next cms modules.",
            "keywords": [
                "Yii2 CMS",
                "composer",
                "composer-installer",
                "composer-plugin",
                "index.art",
                "index.next CMS"
            ],
            "time": "2015-02-27 19:19:23"
        },
        {
            "name": "index-next/site",
            "version": "dev-master",
            "source": {
                "type": "git",
                "url": "http://git.web-dev.ru/index-next/site.git",
                "reference": "acd6c4e758d99abe31b841ac88b2850ae3216922"
            },
            "require": {
                "php": ">=5.4.0"
            },
            "type": "index-next-module",
            "time": "2015-02-27 19:08:53"
        }
    ],
    "packages-dev": [],
    "aliases": [],
    "minimum-stability": "dev",
    "stability-flags": [],
    "prefer-stable": false,
    "prefer-lowest": false,
    "platform": {
        "php": ">=5.4.0"
    },
    "platform-dev": []
}
